
Microsoft Visual Studio Solution File, Format Version 12.00
# Visual Studio Version 16
VisualStudioVersion = 16.0.30011.22
MinimumVisualStudioVersion = 10.0.40219.1
Project("{9A19103F-16F7-4668-BE54-9A1E7A4F7556}") = "ACM.BL", "ACM.BL\ACM.BL.csproj", "{0B309530-58B6-45BD-8EBA-5F79AFD0F1FB}"
EndProject
Project("{2150E333-8FDC-42A3-9474-1A3956D46DE8}") = "Tests", "Tests", "{D89D39C1-9D0E-4CFF-987E-89108444C05F}"
EndProject
Project("{FAE04EC0-301F-11D3-BF4B-00C04F79EFBC}") = "ACM.BLTest", "Tests\ACM.BLTest\ACM.BLTest.csproj", "{039055F3-598C-4F96-8455-478C417C4F71}"
EndProject
Global
	GlobalSection(SolutionConfigurationPlatforms) = preSolution
		Debug|Any CPU = Debug|Any CPU
		Release|Any CPU = Release|Any CPU
	EndGlobalSection
	GlobalSection(ProjectConfigurationPlatforms) = postSolution
		{0B309530-58B6-45BD-8EBA-5F79AFD0F1FB}.Debug|Any CPU.ActiveCfg = Debug|Any CPU
		{0B309530-58B6-45BD-8EBA-5F79AFD0F1FB}.Debug|Any CPU.Build.0 = Debug|Any CPU
		{0B309530-58B6-45BD-8EBA-5F79AFD0F1FB}.Release|Any CPU.ActiveCfg = Release|Any CPU
		{0B309530-58B6-45BD-8EBA-5F79AFD0F1FB}.Release|Any CPU.Build.0 = Release|Any CPU
		{039055F3-598C-4F96-8455-478C417C4F71}.Debug|Any CPU.ActiveCfg = Debug|Any CPU
		{039055F3-598C-4F96-8455-478C417C4F71}.Debug|Any CPU.Build.0 = Debug|Any CPU
		{039055F3-598C-4F96-8455-478C417C4F71}.Release|Any CPU.ActiveCfg = Release|Any CPU
		{039055F3-598C-4F96-8455-478C417C4F71}.Release|Any CPU.Build.0 = Release|Any CPU
	EndGlobalSection
	GlobalSection(SolutionProperties) = preSolution
		HideSolutionNode = FALSE
	EndGlobalSection
	GlobalSection(NestedProjects) = preSolution
		{039055F3-598C-4F96-8455-478C417C4F71} = {D89D39C1-9D0E-4CFF-987E-89108444C05F}
	EndGlobalSection
	GlobalSection(ExtensibilityGlobals) = postSolution
		SolutionGuid = {975EC334-8148-47BD-9C74-79858BA1B205}
	EndGlobalSection
EndGlobal
